
Microsoft Visual Studio Solution File, Format Version 12.00
# Visual Studio Version 17
VisualStudioVersion = 17.8.34330.188
MinimumVisualStudioVersion = 10.0.40219.1
Project("{FAE04EC0-301F-11D3-BF4B-00C04F79EFBC}") = "CSharp-Basics-Iteratives", "CSharp-Basics-Iteratives.csproj", "{71DB6D2C-501A-41A0-AE0D-99A25B3CC78C}"
EndProject
Global
	GlobalSection(SolutionConfigurationPlatforms) = preSolution
		Debug|Any CPU = Debug|Any CPU
		Release|Any CPU = Release|Any CPU
	EndGlobalSection
	GlobalSection(ProjectConfigurationPlatforms) = postSolution
		{71DB6D2C-501A-41A0-AE0D-99A25B3CC78C}.Debug|Any CPU.ActiveCfg = Debug|Any CPU
		{71DB6D2C-501A-41A0-AE0D-99A25B3CC78C}.Debug|Any CPU.Build.0 = Debug|Any CPU
		{71DB6D2C-501A-41A0-AE0D-99A25B3CC78C}.Release|Any CPU.ActiveCfg = Release|Any CPU
		{71DB6D2C-501A-41A0-AE0D-99A25B3CC78C}.Release|Any CPU.Build.0 = Release|Any CPU
	EndGlobalSection
	GlobalSection(SolutionProperties) = preSolution
		HideSolutionNode = FALSE
	EndGlobalSection
	GlobalSection(ExtensibilityGlobals) = postSolution
		SolutionGuid = {BA389830-0777-46D4-8A59-112841991550}
	EndGlobalSection
EndGlobal
